
Microsoft Visual Studio Solution File, Format Version 12.00
# Visual Studio 15
VisualStudioVersion = 15.0.28307.168
MinimumVisualStudioVersion = 10.0.40219.1
Project("{9A19103F-16F7-4668-BE54-9A1E7A4F7556}") = "ProductsApi", "ProductsApi.csproj", "{863EDEC0-A672-403A-8C89-88D8BEEC6359}"
EndProject
Global
	GlobalSection(SolutionConfigurationPlatforms) = preSolution
		Debug|Any CPU = Debug|Any CPU
		Release|Any CPU = Release|Any CPU
	EndGlobalSection
	GlobalSection(ProjectConfigurationPlatforms) = postSolution
		{863EDEC0-A672-403A-8C89-88D8BEEC6359}.Debug|Any CPU.ActiveCfg = Debug|Any CPU
		{863EDEC0-A672-403A-8C89-88D8BEEC6359}.Debug|Any CPU.Build.0 = Debug|Any CPU
		{863EDEC0-A672-403A-8C89-88D8BEEC6359}.Release|Any CPU.ActiveCfg = Release|Any CPU
		{863EDEC0-A672-403A-8C89-88D8BEEC6359}.Release|Any CPU.Build.0 = Release|Any CPU
	EndGlobalSection
	GlobalSection(SolutionProperties) = preSolution
		HideSolutionNode = FALSE
	EndGlobalSection
	GlobalSection(ExtensibilityGlobals) = postSolution
		SolutionGuid = {4AC2AE71-F8CC-4C3D-937F-F45D9E988ED7}
	EndGlobalSection
EndGlobal
